
Microsoft Visual Studio Solution File, Format Version 12.00
# Visual Studio Version 17
VisualStudioVersion = 17.11.35312.102
MinimumVisualStudioVersion = 10.0.40219.1
Project("{FAE04EC0-301F-11D3-BF4B-00C04F79EFBC}") = "TVController", "TVController.csproj", "{6B20F9D0-A2A3-463A-919E-6F3D1BBD98B2}"
EndProject
Global
	GlobalSection(SolutionConfigurationPlatforms) = preSolution
		Debug|Any CPU = Debug|Any CPU
		Release|Any CPU = Release|Any CPU
	EndGlobalSection
	GlobalSection(ProjectConfigurationPlatforms) = postSolution
		{6B20F9D0-A2A3-463A-919E-6F3D1BBD98B2}.Debug|Any CPU.ActiveCfg = Debug|Any CPU
		{6B20F9D0-A2A3-463A-919E-6F3D1BBD98B2}.Debug|Any CPU.Build.0 = Debug|Any CPU
		{6B20F9D0-A2A3-463A-919E-6F3D1BBD98B2}.Release|Any CPU.ActiveCfg = Release|Any CPU
		{6B20F9D0-A2A3-463A-919E-6F3D1BBD98B2}.Release|Any CPU.Build.0 = Release|Any CPU
	EndGlobalSection
	GlobalSection(SolutionProperties) = preSolution
		HideSolutionNode = FALSE
	EndGlobalSection
	GlobalSection(ExtensibilityGlobals) = postSolution
		SolutionGuid = {F7E89F27-E7C1-4782-8996-57A06BC70BB6}
	EndGlobalSection
EndGlobal
